
Microsoft Visual Studio Solution File, Format Version 12.00
# Visual Studio 2012
Project("{FAE04EC0-301F-11D3-BF4B-00C04F79EFBC}") = "TeaShell", "TeaShell\TeaShell.csproj", "{084A4625-77C9-47A2-92F3-D6A70AAB9557}"
EndProject
Project("{2150E333-8FDC-42A3-9474-1A3956D46DE8}") = "Lib", "Lib", "{B0813CD2-DF53-480A-8AD3-64C7F1640264}"
	ProjectSection(SolutionItems) = preProject
		TeaShell\Lib\DiscreteLogics.TeaFile.dll = TeaShell\Lib\DiscreteLogics.TeaFile.dll
		TeaShell\Lib\LogicNP.EZShellExtensions.dll = TeaShell\Lib\LogicNP.EZShellExtensions.dll
		TeaShell\Lib\LogicNP.EZShellExtensions.xml = TeaShell\Lib\LogicNP.EZShellExtensions.xml
		TeaShell\Lib\LogicNP.PropSheetExtensionHelper.dll = TeaShell\Lib\LogicNP.PropSheetExtensionHelper.dll
		TeaShell\Lib\LogicNP.PropSheetExtensionHelper_x64.dll = TeaShell\Lib\LogicNP.PropSheetExtensionHelper_x64.dll
	EndProjectSection
EndProject
Project("{930C7802-8A8C-48F9-8165-68863BCCD9DD}") = "Setup", "Setup\Setup.wixproj", "{F56DB990-A50A-424C-9A9B-846C4B8E5461}"
	ProjectSection(ProjectDependencies) = postProject
		{084A4625-77C9-47A2-92F3-D6A70AAB9557} = {084A4625-77C9-47A2-92F3-D6A70AAB9557}
	EndProjectSection
EndProject
Project("{FAE04EC0-301F-11D3-BF4B-00C04F79EFBC}") = "TestWPF", "TestWPF\TestWPF.csproj", "{A96073FB-2983-43F3-B696-BE5CFDF4AE3C}"
EndProject
Project("{FAE04EC0-301F-11D3-BF4B-00C04F79EFBC}") = "Setup.Actions", "Setup.Actions\Setup.Actions.csproj", "{A6E593A3-C582-46DA-8ACF-F1E904BA5135}"
EndProject
Project("{2150E333-8FDC-42A3-9474-1A3956D46DE8}") = "Solution Items", "Solution Items", "{DC1F7B4E-B7E2-428D-9438-D5787B843A47}"
	ProjectSection(SolutionItems) = preProject
		Checklist.txt = Checklist.txt
	EndProjectSection
EndProject
Global
	GlobalSection(SolutionConfigurationPlatforms) = preSolution
		Debug|Any CPU = Debug|Any CPU
		Debug|x64 = Debug|x64
		Debug|x86 = Debug|x86
		Release|Any CPU = Release|Any CPU
		Release|x64 = Release|x64
		Release|x86 = Release|x86
	EndGlobalSection
	GlobalSection(ProjectConfigurationPlatforms) = postSolution
		{084A4625-77C9-47A2-92F3-D6A70AAB9557}.Debug|Any CPU.ActiveCfg = Debug|Any CPU
		{084A4625-77C9-47A2-92F3-D6A70AAB9557}.Debug|Any CPU.Build.0 = Debug|Any CPU
		{084A4625-77C9-47A2-92F3-D6A70AAB9557}.Debug|x64.ActiveCfg = Debug|Any CPU
		{084A4625-77C9-47A2-92F3-D6A70AAB9557}.Debug|x64.Build.0 = Debug|Any CPU
		{084A4625-77C9-47A2-92F3-D6A70AAB9557}.Debug|x86.ActiveCfg = Debug|Any CPU
		{084A4625-77C9-47A2-92F3-D6A70AAB9557}.Debug|x86.Build.0 = Debug|Any CPU
		{084A4625-77C9-47A2-92F3-D6A70AAB9557}.Release|Any CPU.ActiveCfg = Release|Any CPU
		{084A4625-77C9-47A2-92F3-D6A70AAB9557}.Release|Any CPU.Build.0 = Release|Any CPU
		{084A4625-77C9-47A2-92F3-D6A70AAB9557}.Release|x64.ActiveCfg = Release|Any CPU
		{084A4625-77C9-47A2-92F3-D6A70AAB9557}.Release|x64.Build.0 = Release|Any CPU
		{084A4625-77C9-47A2-92F3-D6A70AAB9557}.Release|x86.ActiveCfg = Release|Any CPU
		{084A4625-77C9-47A2-92F3-D6A70AAB9557}.Release|x86.Build.0 = Release|Any CPU
		{F56DB990-A50A-424C-9A9B-846C4B8E5461}.Debug|Any CPU.ActiveCfg = Debug|x64
		{F56DB990-A50A-424C-9A9B-846C4B8E5461}.Debug|x64.ActiveCfg = Debug|x64
		{F56DB990-A50A-424C-9A9B-846C4B8E5461}.Debug|x86.ActiveCfg = Debug|x86
		{F56DB990-A50A-424C-9A9B-846C4B8E5461}.Release|Any CPU.ActiveCfg = Release|x64
		{F56DB990-A50A-424C-9A9B-846C4B8E5461}.Release|x64.ActiveCfg = Release|x64
		{F56DB990-A50A-424C-9A9B-846C4B8E5461}.Release|x64.Build.0 = Release|x64
		{F56DB990-A50A-424C-9A9B-846C4B8E5461}.Release|x86.ActiveCfg = Release|x86
		{F56DB990-A50A-424C-9A9B-846C4B8E5461}.Release|x86.Build.0 = Release|x86
		{A96073FB-2983-43F3-B696-BE5CFDF4AE3C}.Debug|Any CPU.ActiveCfg = Debug|x86
		{A96073FB-2983-43F3-B696-BE5CFDF4AE3C}.Debug|Any CPU.Build.0 = Debug|x86
		{A96073FB-2983-43F3-B696-BE5CFDF4AE3C}.Debug|x64.ActiveCfg = Debug|x86
		{A96073FB-2983-43F3-B696-BE5CFDF4AE3C}.Debug|x64.Build.0 = Debug|x86
		{A96073FB-2983-43F3-B696-BE5CFDF4AE3C}.Debug|x86.ActiveCfg = Debug|x86
		{A96073FB-2983-43F3-B696-BE5CFDF4AE3C}.Debug|x86.Build.0 = Debug|x86
		{A96073FB-2983-43F3-B696-BE5CFDF4AE3C}.Release|Any CPU.ActiveCfg = Release|x86
		{A96073FB-2983-43F3-B696-BE5CFDF4AE3C}.Release|x64.ActiveCfg = Release|x86
		{A96073FB-2983-43F3-B696-BE5CFDF4AE3C}.Release|x86.ActiveCfg = Release|x86
		{A6E593A3-C582-46DA-8ACF-F1E904BA5135}.Debug|Any CPU.ActiveCfg = Debug|Any CPU
		{A6E593A3-C582-46DA-8ACF-F1E904BA5135}.Debug|x64.ActiveCfg = Debug|Any CPU
		{A6E593A3-C582-46DA-8ACF-F1E904BA5135}.Debug|x86.ActiveCfg = Debug|Any CPU
		{A6E593A3-C582-46DA-8ACF-F1E904BA5135}.Release|Any CPU.ActiveCfg = Release|Any CPU
		{A6E593A3-C582-46DA-8ACF-F1E904BA5135}.Release|Any CPU.Build.0 = Release|Any CPU
		{A6E593A3-C582-46DA-8ACF-F1E904BA5135}.Release|x64.ActiveCfg = Release|Any CPU
		{A6E593A3-C582-46DA-8ACF-F1E904BA5135}.Release|x64.Build.0 = Release|Any CPU
		{A6E593A3-C582-46DA-8ACF-F1E904BA5135}.Release|x86.ActiveCfg = Release|Any CPU
		{A6E593A3-C582-46DA-8ACF-F1E904BA5135}.Release|x86.Build.0 = Release|Any CPU
	EndGlobalSection
	GlobalSection(SolutionProperties) = preSolution
		HideSolutionNode = FALSE
	EndGlobalSection
EndGlobal
